// !$*UTF8*$!
{
	archiveVersion = 1;
	classes = {
	};
	objectVersion = 46;
	objects = {

/* Begin PBXBuildFile section */
		684112E41C96D44700C7BDA3 /* BalloonMarker.swift in Sources */ = {isa = PBXBuildFile; fileRef = 684112E31C96D44700C7BDA3 /* BalloonMarker.swift */; };
		D9F3BE771C8D00C800722A41 /* AppDelegate.swift in Sources */ = {isa = PBXBuildFile; fileRef = D9F3BE761C8D00C800722A41 /* AppDelegate.swift */; };
		D9F3BE791C8D00C800722A41 /* ViewController.swift in Sources */ = {isa = PBXBuildFile; fileRef = D9F3BE781C8D00C800722A41 /* ViewController.swift */; };
		D9F3BE7C1C8D00C800722A41 /* Main.storyboard in Resources */ = {isa = PBXBuildFile; fileRef = D9F3BE7A1C8D00C800722A41 /* Main.storyboard */; };
		D9F3BE7E1C8D00C800722A41 /* Assets.xcassets in Resources */ = {isa = PBXBuildFile; fileRef = D9F3BE7D1C8D00C800722A41 /* Assets.xcassets */; };
		D9F3BE811C8D00C800722A41 /* LaunchScreen.storyboard in Resources */ = {isa = PBXBuildFile; fileRef = D9F3BE7F1C8D00C800722A41 /* LaunchScreen.storyboard */; };
		D9F3BE8C1C8D00C800722A41 /* MobileClientTests.swift in Sources */ = {isa = PBXBuildFile; fileRef = D9F3BE8B1C8D00C800722A41 /* MobileClientTests.swift */; };
		D9F3BE971C8D00C800722A41 /* MobileClientUITests.swift in Sources */ = {isa = PBXBuildFile; fileRef = D9F3BE961C8D00C800722A41 /* MobileClientUITests.swift */; };
		E41F2E2AA75F4CD6FCEC4BE7 /* Pods_MobileClient.framework in Frameworks */ = {isa = PBXBuildFile; fileRef = 9B6CC58E867CA997AF73911F /* Pods_MobileClient.framework */; };
/* End PBXBuildFile section */

/* Begin PBXContainerItemProxy section */
		D9F3BE881C8D00C800722A41 /* PBXContainerItemProxy */ = {
			isa = PBXContainerItemProxy;
			containerPortal = D9F3BE6B1C8D00C600722A41 /* Project object */;
			proxyType = 1;
			remoteGlobalIDString = D9F3BE721C8D00C700722A41;
			remoteInfo = MobileClient;
		};
		D9F3BE931C8D00C800722A41 /* PBXContainerItemProxy */ = {
			isa = PBXContainerItemProxy;
			containerPortal = D9F3BE6B1C8D00C600722A41 /* Project object */;
			proxyType = 1;
			remoteGlobalIDString = D9F3BE721C8D00C700722A41;
			remoteInfo = MobileClient;
		};
/* End PBXContainerItemProxy section */

/* Begin PBXFileReference section */
		0FC58B3B43A343331596ADDF /* Pods-MobileClient.release.xcconfig */ = {isa = PBXFileReference; includeInIndex = 1; lastKnownFileType = text.xcconfig; name = "Pods-MobileClient.release.xcconfig"; path = "Pods/Target Support Files/Pods-MobileClient/Pods-MobileClient.release.xcconfig"; sourceTree = "<group>"; };
		5A94DFD7532F7FE005FB855D /* Pods-MobileClient.debug.xcconfig */ = {isa = PBXFileReference; includeInIndex = 1; lastKnownFileType = text.xcconfig; name = "Pods-MobileClient.debug.xcconfig"; path = "Pods/Target Support Files/Pods-MobileClient/Pods-MobileClient.debug.xcconfig"; sourceTree = "<group>"; };
		684112E31C96D44700C7BDA3 /* BalloonMarker.swift */ = {isa = PBXFileReference; fileEncoding = 4; lastKnownFileType = sourcecode.swift; path = BalloonMarker.swift; sourceTree = "<group>"; };
		9B6CC58E867CA997AF73911F /* Pods_MobileClient.framework */ = {isa = PBXFileReference; explicitFileType = wrapper.framework; includeInIndex = 0; path = Pods_MobileClient.framework; sourceTree = BUILT_PRODUCTS_DIR; };
		D9F3BE731C8D00C700722A41 /* MobileClient.app */ = {isa = PBXFileReference; explicitFileType = wrapper.application; includeInIndex = 0; path = MobileClient.app; sourceTree = BUILT_PRODUCTS_DIR; };
		D9F3BE761C8D00C800722A41 /* AppDelegate.swift */ = {isa = PBXFileReference; lastKnownFileType = sourcecode.swift; path = AppDelegate.swift; sourceTree = "<group>"; };
		D9F3BE781C8D00C800722A41 /* ViewController.swift */ = {isa = PBXFileReference; lastKnownFileType = sourcecode.swift; path = ViewController.swift; sourceTree = "<group>"; };
		D9F3BE7B1C8D00C800722A41 /* Base */ = {isa = PBXFileReference; lastKnownFileType = file.storyboard; name = Base; path = Base.lproj/Main.storyboard; sourceTree = "<group>"; };
		D9F3BE7D1C8D00C800722A41 /* Assets.xcassets */ = {isa = PBXFileReference; lastKnownFileType = folder.assetcatalog; path = Assets.xcassets; sourceTree = "<group>"; };
		D9F3BE801C8D00C800722A41 /* Base */ = {isa = PBXFileReference; lastKnownFileType = file.storyboard; name = Base; path = Base.lproj/LaunchScreen.storyboard; sourceTree = "<group>"; };
		D9F3BE821C8D00C800722A41 /* Info.plist */ = {isa = PBXFileReference; lastKnownFileType = text.plist.xml; path = Info.plist; sourceTree = "<group>"; };
		D9F3BE871C8D00C800722A41 /* MobileClientTests.xctest */ = {isa = PBXFileReference; explicitFileType = wrapper.cfbundle; includeInIndex = 0; path = MobileClientTests.xctest; sourceTree = BUILT_PRODUCTS_DIR; };
		D9F3BE8B1C8D00C800722A41 /* MobileClientTests.swift */ = {isa = PBXFileReference; lastKnownFileType = sourcecode.swift; path = MobileClientTests.swift; sourceTree = "<group>"; };
		D9F3BE8D1C8D00C800722A41 /* Info.plist */ = {isa = PBXFileReference; lastKnownFileType = text.plist.xml; path = Info.plist; sourceTree = "<group>"; };
		D9F3BE921C8D00C800722A41 /* MobileClientUITests.xctest */ = {isa = PBXFileReference; explicitFileType = wrapper.cfbundle; includeInIndex = 0; path = MobileClientUITests.xctest; sourceTree = BUILT_PRODUCTS_DIR; };
		D9F3BE961C8D00C800722A41 /* MobileClientUITests.swift */ = {isa = PBXFileReference; lastKnownFileType = sourcecode.swift; path = MobileClientUITests.swift; sourceTree = "<group>"; };
		D9F3BE981C8D00C800722A41 /* Info.plist */ = {isa = PBXFileReference; lastKnownFileType = text.plist.xml; path = Info.plist; sourceTree = "<group>"; };
/* End PBXFileReference section */

/* Begin PBXFrameworksBuildPhase section */
		D9F3BE701C8D00C700722A41 /* Frameworks */ = {
			isa = PBXFrameworksBuildPhase;
			buildActionMask = 2147483647;
			files = (
				E41F2E2AA75F4CD6FCEC4BE7 /* Pods_MobileClient.framework in Frameworks */,
			);
			runOnlyForDeploymentPostprocessing = 0;
		};
		D9F3BE841C8D00C800722A41 /* Frameworks */ = {
			isa = PBXFrameworksBuildPhase;
			buildActionMask = 2147483647;
			files = (
			);
			runOnlyForDeploymentPostprocessing = 0;
		};
		D9F3BE8F1C8D00C800722A41 /* Frameworks */ = {
			isa = PBXFrameworksBuildPhase;
			buildActionMask = 2147483647;
			files = (
			);
			runOnlyForDeploymentPostprocessing = 0;
		};
/* End PBXFrameworksBuildPhase section */

/* Begin PBXGroup section */
		0E0E4B11D67B93F3BB2FE6DE /* Pods */ = {
			isa = PBXGroup;
			children = (
				5A94DFD7532F7FE005FB855D /* Pods-MobileClient.debug.xcconfig */,
				0FC58B3B43A343331596ADDF /* Pods-MobileClient.release.xcconfig */,
			);
			name = Pods;
			sourceTree = "<group>";
		};
		D9F3BE6A1C8D00C600722A41 = {
			isa = PBXGroup;
			children = (
				D9F3BE751C8D00C700722A41 /* MobileClient */,
				D9F3BE8A1C8D00C800722A41 /* MobileClientTests */,
				D9F3BE951C8D00C800722A41 /* MobileClientUITests */,
				D9F3BE741C8D00C700722A41 /* Products */,
				0E0E4B11D67B93F3BB2FE6DE /* Pods */,
				FCAC594DC7E9EAF2C4BCB55E /* Frameworks */,
			);
			sourceTree = "<group>";
		};
		D9F3BE741C8D00C700722A41 /* Products */ = {
			isa = PBXGroup;
			children = (
				D9F3BE731C8D00C700722A41 /* MobileClient.app */,
				D9F3BE871C8D00C800722A41 /* MobileClientTests.xctest */,
				D9F3BE921C8D00C800722A41 /* MobileClientUITests.xctest */,
			);
			name = Products;
			sourceTree = "<group>";
		};
		D9F3BE751C8D00C700722A41 /* MobileClient */ = {
			isa = PBXGroup;
			children = (
				D9F3BE761C8D00C800722A41 /* AppDelegate.swift */,
				D9F3BE781C8D00C800722A41 /* ViewController.swift */,
				684112E31C96D44700C7BDA3 /* BalloonMarker.swift */,
				D9F3BE7A1C8D00C800722A41 /* Main.storyboard */,
				D9F3BE7D1C8D00C800722A41 /* Assets.xcassets */,
				D9F3BE7F1C8D00C800722A41 /* LaunchScreen.storyboard */,
				D9F3BE821C8D00C800722A41 /* Info.plist */,
			);
			path = MobileClient;
			sourceTree = "<group>";
		};
		D9F3BE8A1C8D00C800722A41 /* MobileClientTests */ = {
			isa = PBXGroup;
			children = (
				D9F3BE8B1C8D00C800722A41 /* MobileClientTests.swift */,
				D9F3BE8D1C8D00C800722A41 /* Info.plist */,
			);
			path = MobileClientTests;
			sourceTree = "<group>";
		};
		D9F3BE951C8D00C800722A41 /* MobileClientUITests */ = {
			isa = PBXGroup;
			children = (
				D9F3BE961C8D00C800722A41 /* MobileClientUITests.swift */,
				D9F3BE981C8D00C800722A41 /* Info.plist */,
			);
			path = MobileClientUITests;
			sourceTree = "<group>";
		};
		FCAC594DC7E9EAF2C4BCB55E /* Frameworks */ = {
			isa = PBXGroup;
			children = (
				9B6CC58E867CA997AF73911F /* Pods_MobileClient.framework */,
			);
			name = Frameworks;
			sourceTree = "<group>";
		};
/* End PBXGroup section */

/* Begin PBXNativeTarget section */
		D9F3BE721C8D00C700722A41 /* MobileClient */ = {
			isa = PBXNativeTarget;
			buildConfigurationList = D9F3BE9B1C8D00C900722A41 /* Build configuration list for PBXNativeTarget "MobileClient" */;
			buildPhases = (
				010F4AF8BBFEF2F54C4D7347 /* Check Pods Manifest.lock */,
				D9F3BE6F1C8D00C700722A41 /* Sources */,
				D9F3BE701C8D00C700722A41 /* Frameworks */,
				D9F3BE711C8D00C700722A41 /* Resources */,
				BFC58B089358B72036D3F24D /* Embed Pods Frameworks */,
				22D8993F97650188DCCB050C /* Copy Pods Resources */,
			);
			buildRules = (
			);
			dependencies = (
			);
			name = MobileClient;
			productName = MobileClient;
			productReference = D9F3BE731C8D00C700722A41 /* MobileClient.app */;
			productType = "com.apple.product-type.application";
		};
		D9F3BE861C8D00C800722A41 /* MobileClientTests */ = {
			isa = PBXNativeTarget;
			buildConfigurationList = D9F3BE9E1C8D00C900722A41 /* Build configuration list for PBXNativeTarget "MobileClientTests" */;
			buildPhases = (
				D9F3BE831C8D00C800722A41 /* Sources */,
				D9F3BE841C8D00C800722A41 /* Frameworks */,
				D9F3BE851C8D00C800722A41 /* Resources */,
			);
			buildRules = (
			);
			dependencies = (
				D9F3BE891C8D00C800722A41 /* PBXTargetDependency */,
			);
			name = MobileClientTests;
			productName = MobileClientTests;
			productReference = D9F3BE871C8D00C800722A41 /* MobileClientTests.xctest */;
			productType = "com.apple.product-type.bundle.unit-test";
		};
		D9F3BE911C8D00C800722A41 /* MobileClientUITests */ = {
			isa = PBXNativeTarget;
			buildConfigurationList = D9F3BEA11C8D00C900722A41 /* Build configuration list for PBXNativeTarget "MobileClientUITests" */;
			buildPhases = (
				D9F3BE8E1C8D00C800722A41 /* Sources */,
				D9F3BE8F1C8D00C800722A41 /* Frameworks */,
				D9F3BE901C8D00C800722A41 /* Resources */,
			);
			buildRules = (
			);
			dependencies = (
				D9F3BE941C8D00C800722A41 /* PBXTargetDependency */,
			);
			name = MobileClientUITests;
			productName = MobileClientUITests;
			productReference = D9F3BE921C8D00C800722A41 /* MobileClientUITests.xctest */;
			productType = "com.apple.product-type.bundle.ui-testing";
		};
/* End PBXNativeTarget section */

/* Begin PBXProject section */
		D9F3BE6B1C8D00C600722A41 /* Project object */ = {
			isa = PBXProject;
			attributes = {
				LastSwiftUpdateCheck = 0720;
				LastUpgradeCheck = 0720;
				ORGANIZATIONNAME = "Alexander Tikhonov";
				TargetAttributes = {
					D9F3BE721C8D00C700722A41 = {
						CreatedOnToolsVersion = 7.2.1;
						DevelopmentTeam = RJEHPE26WF;
					};
					D9F3BE861C8D00C800722A41 = {
						CreatedOnToolsVersion = 7.2.1;
						DevelopmentTeam = RJEHPE26WF;
						TestTargetID = D9F3BE721C8D00C700722A41;
					};
					D9F3BE911C8D00C800722A41 = {
						CreatedOnToolsVersion = 7.2.1;
						DevelopmentTeam = RJEHPE26WF;
						TestTargetID = D9F3BE721C8D00C700722A41;
					};
				};
			};
			buildConfigurationList = D9F3BE6E1C8D00C700722A41 /* Build configuration list for PBXProject "MobileClient" */;
			compatibilityVersion = "Xcode 3.2";
			developmentRegion = English;
			hasScannedForEncodings = 0;
			knownRegions = (
				en,
				Base,
			);
			mainGroup = D9F3BE6A1C8D00C600722A41;
			productRefGroup = D9F3BE741C8D00C700722A41 /* Products */;
			projectDirPath = "";
			projectRoot = "";
			targets = (
				D9F3BE721C8D00C700722A41 /* MobileClient */,
				D9F3BE861C8D00C800722A41 /* MobileClientTests */,
				D9F3BE911C8D00C800722A41 /* MobileClientUITests */,
			);
		};
/* End PBXProject section */

/* Begin PBXResourcesBuildPhase section */
		D9F3BE711C8D00C700722A41 /* Resources */ = {
			isa = PBXResourcesBuildPhase;
			buildActionMask = 2147483647;
			files = (
				D9F3BE811C8D00C800722A41 /* LaunchScreen.storyboard in Resources */,
				D9F3BE7E1C8D00C800722A41 /* Assets.xcassets in Resources */,
				D9F3BE7C1C8D00C800722A41 /* Main.storyboard in Resources */,
			);
			runOnlyForDeploymentPostprocessing = 0;
		};
		D9F3BE851C8D00C800722A41 /* Resources */ = {
			isa = PBXResourcesBuildPhase;
			buildActionMask = 2147483647;
			files = (
			);
			runOnlyForDeploymentPostprocessing = 0;
		};
		D9F3BE901C8D00C800722A41 /* Resources */ = {
			isa = PBXResourcesBuildPhase;
			buildActionMask = 2147483647;
			files = (
			);
			runOnlyForDeploymentPostprocessing = 0;
		};
/* End PBXResourcesBuildPhase section */

/* Begin PBXShellScriptBuildPhase section */
		010F4AF8BBFEF2F54C4D7347 /* Check Pods Manifest.lock */ = {
			isa = PBXShellScriptBuildPhase;
			buildActionMask = 2147483647;
			files = (
			);
			inputPaths = (
			);
			name = "Check Pods Manifest.lock";
			outputPaths = (
			);
			runOnlyForDeploymentPostprocessing = 0;
			shellPath = /bin/sh;
			shellScript = "diff \"${PODS_ROOT}/../Podfile.lock\" \"${PODS_ROOT}/Manifest.lock\" > /dev/null\nif [[ $? != 0 ]] ; then\n    cat << EOM\nerror: The sandbox is not in sync with the Podfile.lock. Run 'pod install' or update your CocoaPods installation.\nEOM\n    exit 1\nfi\n";
			showEnvVarsInLog = 0;
		};
		22D8993F97650188DCCB050C /* Copy Pods Resources */ = {
			isa = PBXShellScriptBuildPhase;
			buildActionMask = 2147483647;
			files = (
			);
			inputPaths = (
			);
			name = "Copy Pods Resources";
			outputPaths = (
			);
			runOnlyForDeploymentPostprocessing = 0;
			shellPath = /bin/sh;
			shellScript = "\"${SRCROOT}/Pods/Target Support Files/Pods-MobileClient/Pods-MobileClient-resources.sh\"\n";
			showEnvVarsInLog = 0;
		};
		BFC58B089358B72036D3F24D /* Embed Pods Frameworks */ = {
			isa = PBXShellScriptBuildPhase;
			buildActionMask = 2147483647;
			files = (
			);
			inputPaths = (
			);
			name = "Embed Pods Frameworks";
			outputPaths = (
			);
			runOnlyForDeploymentPostprocessing = 0;
			shellPath = /bin/sh;
			shellScript = "\"${SRCROOT}/Pods/Target Support Files/Pods-MobileClient/Pods-MobileClient-frameworks.sh\"\n";
			showEnvVarsInLog = 0;
		};
/* End PBXShellScriptBuildPhase section */

/* Begin PBXSourcesBuildPhase section */
		D9F3BE6F1C8D00C700722A41 /* Sources */ = {
			isa = PBXSourcesBuildPhase;
			buildActionMask = 2147483647;
			files = (
				684112E41C96D44700C7BDA3 /* BalloonMarker.swift in Sources */,
				D9F3BE791C8D00C800722A41 /* ViewController.swift in Sources */,
				D9F3BE771C8D00C800722A41 /* AppDelegate.swift in Sources */,
			);
			runOnlyForDeploymentPostprocessing = 0;
		};
		D9F3BE831C8D00C800722A41 /* Sources */ = {
			isa = PBXSourcesBuildPhase;
			buildActionMask = 2147483647;
			files = (
				D9F3BE8C1C8D00C800722A41 /* MobileClientTests.swift in Sources */,
			);
			runOnlyForDeploymentPostprocessing = 0;
		};
		D9F3BE8E1C8D00C800722A41 /* Sources */ = {
			isa = PBXSourcesBuildPhase;
			buildActionMask = 2147483647;
			files = (
				D9F3BE971C8D00C800722A41 /* MobileClientUITests.swift in Sources */,
			);
			runOnlyForDeploymentPostprocessing = 0;
		};
/* End PBXSourcesBuildPhase section */

/* Begin PBXTargetDependency section */
		D9F3BE891C8D00C800722A41 /* PBXTargetDependency */ = {
			isa = PBXTargetDependency;
			target = D9F3BE721C8D00C700722A41 /* MobileClient */;
			targetProxy = D9F3BE881C8D00C800722A41 /* PBXContainerItemProxy */;
		};
		D9F3BE941C8D00C800722A41 /* PBXTargetDependency */ = {
			isa = PBXTargetDependency;
			target = D9F3BE721C8D00C700722A41 /* MobileClient */;
			targetProxy = D9F3BE931C8D00C800722A41 /* PBXContainerItemProxy */;
		};
/* End PBXTargetDependency section */

/* Begin PBXVariantGroup section */
		D9F3BE7A1C8D00C800722A41 /* Main.storyboard */ = {
			isa = PBXVariantGroup;
			children = (
				D9F3BE7B1C8D00C800722A41 /* Base */,
			);
			name = Main.storyboard;
			sourceTree = "<group>";
		};
		D9F3BE7F1C8D00C800722A41 /* LaunchScreen.storyboard */ = {
			isa = PBXVariantGroup;
			children = (
				D9F3BE801C8D00C800722A41 /* Base */,
			);
			name = LaunchScreen.storyboard;
			sourceTree = "<group>";
		};
/* End PBXVariantGroup section */

/* Begin XCBuildConfiguration section */
		D9F3BE991C8D00C900722A41 /* Debug */ = {
			isa = XCBuildConfiguration;
			buildSettings = {
				ALWAYS_SEARCH_USER_PATHS = NO;
				CLANG_CXX_LANGUAGE_STANDARD = "gnu++0x";
				CLANG_CXX_LIBRARY = "libc++";
				CLANG_ENABLE_MODULES = YES;
				CLANG_ENABLE_OBJC_ARC = YES;
				CLANG_WARN_BOOL_CONVERSION = YES;
				CLANG_WARN_CONSTANT_CONVERSION = YES;
				CLANG_WARN_DIRECT_OBJC_ISA_USAGE = YES_ERROR;
				CLANG_WARN_EMPTY_BODY = YES;
				CLANG_WARN_ENUM_CONVERSION = YES;
				CLANG_WARN_INT_CONVERSION = YES;
				CLANG_WARN_OBJC_ROOT_CLASS = YES_ERROR;
				CLANG_WARN_UNREACHABLE_CODE = YES;
				CLANG_WARN__DUPLICATE_METHOD_MATCH = YES;
				"CODE_SIGN_IDENTITY[sdk=iphoneos*]" = "iPhone Developer";
				COPY_PHASE_STRIP = NO;
				DEBUG_INFORMATION_FORMAT = dwarf;
				ENABLE_STRICT_OBJC_MSGSEND = YES;
				ENABLE_TESTABILITY = YES;
				GCC_C_LANGUAGE_STANDARD = gnu99;
				GCC_DYNAMIC_NO_PIC = NO;
				GCC_NO_COMMON_BLOCKS = YES;
				GCC_OPTIMIZATION_LEVEL = 0;
				GCC_PREPROCESSOR_DEFINITIONS = (
					"DEBUG=1",
					"$(inherited)",
				);
				GCC_WARN_64_TO_32_BIT_CONVERSION = YES;
				GCC_WARN_ABOUT_RETURN_TYPE = YES_ERROR;
				GCC_WARN_UNDECLARED_SELECTOR = YES;
				GCC_WARN_UNINITIALIZED_AUTOS = YES_AGGRESSIVE;
				GCC_WARN_UNUSED_FUNCTION = YES;
				GCC_WARN_UNUSED_VARIABLE = YES;
				IPHONEOS_DEPLOYMENT_TARGET = 9.2;
				MTL_ENABLE_DEBUG_INFO = YES;
				ONLY_ACTIVE_ARCH = YES;
				SDKROOT = iphoneos;
				SWIFT_OPTIMIZATION_LEVEL = "-Onone";
				TARGETED_DEVICE_FAMILY = "1,2";
			};
			name = Debug;
		};
		D9F3BE9A1C8D00C900722A41 /* Release */ = {
			isa = XCBuildConfiguration;
			buildSettings = {
				ALWAYS_SEARCH_USER_PATHS = NO;
				CLANG_CXX_LANGUAGE_STANDARD = "gnu++0x";
				CLANG_CXX_LIBRARY = "libc++";
				CLANG_ENABLE_MODULES = YES;
				CLANG_ENABLE_OBJC_ARC = YES;
				CLANG_WARN_BOOL_CONVERSION = YES;
				CLANG_WARN_CONSTANT_CONVERSION = YES;
				CLANG_WARN_DIRECT_OBJC_ISA_USAGE = YES_ERROR;
				CLANG_WARN_EMPTY_BODY = YES;
				CLANG_WARN_ENUM_CONVERSION = YES;
				CLANG_WARN_INT_CONVERSION = YES;
				CLANG_WARN_OBJC_ROOT_CLASS = YES_ERROR;
				CLANG_WARN_UNREACHABLE_CODE = YES;
				CLANG_WARN__DUPLICATE_METHOD_MATCH = YES;
				"CODE_SIGN_IDENTITY[sdk=iphoneos*]" = "iPhone Developer";
				COPY_PHASE_STRIP = NO;
				DEBUG_INFORMATION_FORMAT = "dwarf-with-dsym";
				ENABLE_NS_ASSERTIONS = NO;
				ENABLE_STRICT_OBJC_MSGSEND = YES;
				GCC_C_LANGUAGE_STANDARD = gnu99;
				GCC_NO_COMMON_BLOCKS = YES;
				GCC_WARN_64_TO_32_BIT_CONVERSION = YES;
				GCC_WARN_ABOUT_RETURN_TYPE = YES_ERROR;
				GCC_WARN_UNDECLARED_SELECTOR = YES;
				GCC_WARN_UNINITIALIZED_AUTOS = YES_AGGRESSIVE;
				GCC_WARN_UNUSED_FUNCTION = YES;
				GCC_WARN_UNUSED_VARIABLE = YES;
				IPHONEOS_DEPLOYMENT_TARGET = 9.2;
				MTL_ENABLE_DEBUG_INFO = NO;
				SDKROOT = iphoneos;
				TARGETED_DEVICE_FAMILY = "1,2";
				VALIDATE_PRODUCT = YES;
			};
			name = Release;
		};
		D9F3BE9C1C8D00C900722A41 /* Debug */ = {
			isa = XCBuildConfiguration;
			baseConfigurationReference = 5A94DFD7532F7FE005FB855D /* Pods-MobileClient.debug.xcconfig */;
			buildSettings = {
				ASSETCATALOG_COMPILER_APPICON_NAME = AppIcon;
				INFOPLIST_FILE = MobileClient/Info.plist;
				LD_RUNPATH_SEARCH_PATHS = "$(inherited) @executable_path/Frameworks";
				PRODUCT_BUNDLE_IDENTIFIER = com.uninova.MobileClient;
				PRODUCT_NAME = "$(TARGET_NAME)";
			};
			name = Debug;
		};
		D9F3BE9D1C8D00C900722A41 /* Release */ = {
			isa = XCBuildConfiguration;
			baseConfigurationReference = 0FC58B3B43A343331596ADDF /* Pods-MobileClient.release.xcconfig */;
			buildSettings = {
				ASSETCATALOG_COMPILER_APPICON_NAME = AppIcon;
				INFOPLIST_FILE = MobileClient/Info.plist;
				LD_RUNPATH_SEARCH_PATHS = "$(inherited) @executable_path/Frameworks";
				PRODUCT_BUNDLE_IDENTIFIER = com.uninova.MobileClient;
				PRODUCT_NAME = "$(TARGET_NAME)";
			};
			name = Release;
		};
		D9F3BE9F1C8D00C900722A41 /* Debug */ = {
			isa = XCBuildConfiguration;
			buildSettings = {
				BUNDLE_LOADER = "$(TEST_HOST)";
				INFOPLIST_FILE = MobileClientTests/Info.plist;
				LD_RUNPATH_SEARCH_PATHS = "$(inherited) @executable_path/Frameworks @loader_path/Frameworks";
				PRODUCT_BUNDLE_IDENTIFIER = com.uninova.MobileClientTests;
				PRODUCT_NAME = "$(TARGET_NAME)";
				TEST_HOST = "$(BUILT_PRODUCTS_DIR)/MobileClient.app/MobileClient";
			};
			name = Debug;
		};
		D9F3BEA01C8D00C900722A41 /* Release */ = {
			isa = XCBuildConfiguration;
			buildSettings = {
				BUNDLE_LOADER = "$(TEST_HOST)";
				INFOPLIST_FILE = MobileClientTests/Info.plist;
				LD_RUNPATH_SEARCH_PATHS = "$(inherited) @executable_path/Frameworks @loader_path/Frameworks";
				PRODUCT_BUNDLE_IDENTIFIER = com.uninova.MobileClientTests;
				PRODUCT_NAME = "$(TARGET_NAME)";
				TEST_HOST = "$(BUILT_PRODUCTS_DIR)/MobileClient.app/MobileClient";
			};
			name = Release;
		};
		D9F3BEA21C8D00C900722A41 /* Debug */ = {
			isa = XCBuildConfiguration;
			buildSettings = {
				INFOPLIST_FILE = MobileClientUITests/Info.plist;
				LD_RUNPATH_SEARCH_PATHS = "$(inherited) @executable_path/Frameworks @loader_path/Frameworks";
				PRODUCT_BUNDLE_IDENTIFIER = com.uninova.MobileClientUITests;
				PRODUCT_NAME = "$(TARGET_NAME)";
				TEST_TARGET_NAME = MobileClient;
				USES_XCTRUNNER = YES;
			};
			name = Debug;
		};
		D9F3BEA31C8D00C900722A41 /* Release */ = {
			isa = XCBuildConfiguration;
			buildSettings = {
				INFOPLIST_FILE = MobileClientUITests/Info.plist;
				LD_RUNPATH_SEARCH_PATHS = "$(inherited) @executable_path/Frameworks @loader_path/Frameworks";
				PRODUCT_BUNDLE_IDENTIFIER = com.uninova.MobileClientUITests;
				PRODUCT_NAME = "$(TARGET_NAME)";
				TEST_TARGET_NAME = MobileClient;
				USES_XCTRUNNER = YES;
			};
			name = Release;
		};
/* End XCBuildConfiguration section */

/* Begin XCConfigurationList section */
		D9F3BE6E1C8D00C700722A41 /* Build configuration list for PBXProject "MobileClient" */ = {
			isa = XCConfigurationList;
			buildConfigurations = (
				D9F3BE991C8D00C900722A41 /* Debug */,
				D9F3BE9A1C8D00C900722A41 /* Release */,
			);
			defaultConfigurationIsVisible = 0;
			defaultConfigurationName = Release;
		};
		D9F3BE9B1C8D00C900722A41 /* Build configuration list for PBXNativeTarget "MobileClient" */ = {
			isa = XCConfigurationList;
			buildConfigurations = (
				D9F3BE9C1C8D00C900722A41 /* Debug */,
				D9F3BE9D1C8D00C900722A41 /* Release */,
			);
			defaultConfigurationIsVisible = 0;
			defaultConfigurationName = Release;
		};
		D9F3BE9E1C8D00C900722A41 /* Build configuration list for PBXNativeTarget "MobileClientTests" */ = {
			isa = XCConfigurationList;
			buildConfigurations = (
				D9F3BE9F1C8D00C900722A41 /* Debug */,
				D9F3BEA01C8D00C900722A41 /* Release */,
			);
			defaultConfigurationIsVisible = 0;
			defaultConfigurationName = Release;
		};
		D9F3BEA11C8D00C900722A41 /* Build configuration list for PBXNativeTarget "MobileClientUITests" */ = {
			isa = XCConfigurationList;
			buildConfigurations = (
				D9F3BEA21C8D00C900722A41 /* Debug */,
				D9F3BEA31C8D00C900722A41 /* Release */,
			);
			defaultConfigurationIsVisible = 0;
			defaultConfigurationName = Release;
		};
/* End XCConfigurationList section */
	};
	rootObject = D9F3BE6B1C8D00C600722A41 /* Project object */;
}
